
Microsoft Visual Studio Solution File, Format Version 12.00
# Visual Studio Version 17
VisualStudioVersion = 17.1.32228.430
MinimumVisualStudioVersion = 10.0.40219.1
Project("{FAE04EC0-301F-11D3-BF4B-00C04F79EFBC}") = "LeetCode", "LeetCode\LeetCode.csproj", "{252B8A36-6D57-4850-8521-0FE61D260B4B}"
EndProject
Global
	GlobalSection(SolutionConfigurationPlatforms) = preSolution
		Debug|Any CPU = Debug|Any CPU
		Release|Any CPU = Release|Any CPU
	EndGlobalSection
	GlobalSection(ProjectConfigurationPlatforms) = postSolution
		{252B8A36-6D57-4850-8521-0FE61D260B4B}.Debug|Any CPU.ActiveCfg = Debug|Any CPU
		{252B8A36-6D57-4850-8521-0FE61D260B4B}.Debug|Any CPU.Build.0 = Debug|Any CPU
		{252B8A36-6D57-4850-8521-0FE61D260B4B}.Release|Any CPU.ActiveCfg = Release|Any CPU
		{252B8A36-6D57-4850-8521-0FE61D260B4B}.Release|Any CPU.Build.0 = Release|Any CPU
	EndGlobalSection
	GlobalSection(SolutionProperties) = preSolution
		HideSolutionNode = FALSE
	EndGlobalSection
	GlobalSection(ExtensibilityGlobals) = postSolution
		SolutionGuid = {D9EC81FF-8ED3-4AA8-A5F2-29029866CC89}
	EndGlobalSection
EndGlobal
